// !$*UTF8*$!
{
	archiveVersion = 1;
	classes = {
	};
	objectVersion = 46;
	objects = {

/* Begin PBXBuildFile section */
		681619161DE5BB95004CC55B /* AppDelegate.swift in Sources */ = {isa = PBXBuildFile; fileRef = 681619151DE5BB95004CC55B /* AppDelegate.swift */; };
		6816191B1DE5BB95004CC55B /* Main.storyboard in Resources */ = {isa = PBXBuildFile; fileRef = 681619191DE5BB95004CC55B /* Main.storyboard */; };
		6816191D1DE5BB95004CC55B /* Assets.xcassets in Resources */ = {isa = PBXBuildFile; fileRef = 6816191C1DE5BB95004CC55B /* Assets.xcassets */; };
		681619201DE5BB95004CC55B /* LaunchScreen.storyboard in Resources */ = {isa = PBXBuildFile; fileRef = 6816191E1DE5BB95004CC55B /* LaunchScreen.storyboard */; };
		6816192A1DE5BCD4004CC55B /* SquaresCollectionViewCell.swift in Sources */ = {isa = PBXBuildFile; fileRef = 681619271DE5BCD4004CC55B /* SquaresCollectionViewCell.swift */; };
		6816192B1DE5BCD4004CC55B /* SquaresDataSource.swift in Sources */ = {isa = PBXBuildFile; fileRef = 681619281DE5BCD4004CC55B /* SquaresDataSource.swift */; };
		6816192C1DE5BCD4004CC55B /* SquaresViewController.swift in Sources */ = {isa = PBXBuildFile; fileRef = 681619291DE5BCD4004CC55B /* SquaresViewController.swift */; };
		703147BCBA8681F9A66911D1 /* Pods_SquaresApp.framework in Frameworks */ = {isa = PBXBuildFile; fileRef = A10F89BB8003A591A21CBD6D /* Pods_SquaresApp.framework */; };
/* End PBXBuildFile section */

/* Begin PBXFileReference section */
		44B9B586F2BA611DC94B54C9 /* Pods-SquaresApp.debug.xcconfig */ = {isa = PBXFileReference; includeInIndex = 1; lastKnownFileType = text.xcconfig; name = "Pods-SquaresApp.debug.xcconfig"; path = "Pods/Target Support Files/Pods-SquaresApp/Pods-SquaresApp.debug.xcconfig"; sourceTree = "<group>"; };
		681619121DE5BB95004CC55B /* SquaresApp.app */ = {isa = PBXFileReference; explicitFileType = wrapper.application; includeInIndex = 0; path = SquaresApp.app; sourceTree = BUILT_PRODUCTS_DIR; };
		681619151DE5BB95004CC55B /* AppDelegate.swift */ = {isa = PBXFileReference; lastKnownFileType = sourcecode.swift; path = AppDelegate.swift; sourceTree = "<group>"; };
		6816191A1DE5BB95004CC55B /* Base */ = {isa = PBXFileReference; lastKnownFileType = file.storyboard; name = Base; path = Base.lproj/Main.storyboard; sourceTree = "<group>"; };
		6816191C1DE5BB95004CC55B /* Assets.xcassets */ = {isa = PBXFileReference; lastKnownFileType = folder.assetcatalog; path = Assets.xcassets; sourceTree = "<group>"; };
		6816191F1DE5BB95004CC55B /* Base */ = {isa = PBXFileReference; lastKnownFileType = file.storyboard; name = Base; path = Base.lproj/LaunchScreen.storyboard; sourceTree = "<group>"; };
		681619211DE5BB95004CC55B /* Info.plist */ = {isa = PBXFileReference; lastKnownFileType = text.plist.xml; path = Info.plist; sourceTree = "<group>"; };
		681619271DE5BCD4004CC55B /* SquaresCollectionViewCell.swift */ = {isa = PBXFileReference; fileEncoding = 4; lastKnownFileType = sourcecode.swift; path = SquaresCollectionViewCell.swift; sourceTree = "<group>"; };
		681619281DE5BCD4004CC55B /* SquaresDataSource.swift */ = {isa = PBXFileReference; fileEncoding = 4; lastKnownFileType = sourcecode.swift; path = SquaresDataSource.swift; sourceTree = "<group>"; };
		681619291DE5BCD4004CC55B /* SquaresViewController.swift */ = {isa = PBXFileReference; fileEncoding = 4; lastKnownFileType = sourcecode.swift; path = SquaresViewController.swift; sourceTree = "<group>"; };
		A10F89BB8003A591A21CBD6D /* Pods_SquaresApp.framework */ = {isa = PBXFileReference; explicitFileType = wrapper.framework; includeInIndex = 0; path = Pods_SquaresApp.framework; sourceTree = BUILT_PRODUCTS_DIR; };
		E7E19CEA62836CA655F9A9DC /* Pods-SquaresApp.release.xcconfig */ = {isa = PBXFileReference; includeInIndex = 1; lastKnownFileType = text.xcconfig; name = "Pods-SquaresApp.release.xcconfig"; path = "Pods/Target Support Files/Pods-SquaresApp/Pods-SquaresApp.release.xcconfig"; sourceTree = "<group>"; };
/* End PBXFileReference section */

/* Begin PBXFrameworksBuildPhase section */
		6816190F1DE5BB95004CC55B /* Frameworks */ = {
			isa = PBXFrameworksBuildPhase;
			buildActionMask = 2147483647;
			files = (
				703147BCBA8681F9A66911D1 /* Pods_SquaresApp.framework in Frameworks */,
			);
			runOnlyForDeploymentPostprocessing = 0;
		};
/* End PBXFrameworksBuildPhase section */

/* Begin PBXGroup section */
		2E927F0766DDBDBF1677C67D /* Pods */ = {
			isa = PBXGroup;
			children = (
				44B9B586F2BA611DC94B54C9 /* Pods-SquaresApp.debug.xcconfig */,
				E7E19CEA62836CA655F9A9DC /* Pods-SquaresApp.release.xcconfig */,
			);
			name = Pods;
			sourceTree = "<group>";
		};
		379F42A12416C65B374585CB /* Frameworks */ = {
			isa = PBXGroup;
			children = (
				A10F89BB8003A591A21CBD6D /* Pods_SquaresApp.framework */,
			);
			name = Frameworks;
			sourceTree = "<group>";
		};
		681619091DE5BB94004CC55B = {
			isa = PBXGroup;
			children = (
				681619141DE5BB95004CC55B /* SquaresApp */,
				681619131DE5BB95004CC55B /* Products */,
				2E927F0766DDBDBF1677C67D /* Pods */,
				379F42A12416C65B374585CB /* Frameworks */,
			);
			sourceTree = "<group>";
		};
		681619131DE5BB95004CC55B /* Products */ = {
			isa = PBXGroup;
			children = (
				681619121DE5BB95004CC55B /* SquaresApp.app */,
			);
			name = Products;
			sourceTree = "<group>";
		};
		681619141DE5BB95004CC55B /* SquaresApp */ = {
			isa = PBXGroup;
			children = (
				681619151DE5BB95004CC55B /* AppDelegate.swift */,
				681619271DE5BCD4004CC55B /* SquaresCollectionViewCell.swift */,
				681619281DE5BCD4004CC55B /* SquaresDataSource.swift */,
				681619291DE5BCD4004CC55B /* SquaresViewController.swift */,
				681619191DE5BB95004CC55B /* Main.storyboard */,
				6816191C1DE5BB95004CC55B /* Assets.xcassets */,
				6816191E1DE5BB95004CC55B /* LaunchScreen.storyboard */,
				681619211DE5BB95004CC55B /* Info.plist */,
			);
			path = SquaresApp;
			sourceTree = "<group>";
		};
/* End PBXGroup section */

/* Begin PBXNativeTarget section */
		681619111DE5BB95004CC55B /* SquaresApp */ = {
			isa = PBXNativeTarget;
			buildConfigurationList = 681619241DE5BB95004CC55B /* Build configuration list for PBXNativeTarget "SquaresApp" */;
			buildPhases = (
				F3D93DA87A76818838841C61 /* [CP] Check Pods Manifest.lock */,
				6816190E1DE5BB95004CC55B /* Sources */,
				6816190F1DE5BB95004CC55B /* Frameworks */,
				681619101DE5BB95004CC55B /* Resources */,
				61559B36CEEAA67A6B4F4EA4 /* [CP] Embed Pods Frameworks */,
				DA623D8B8AD223AE9C8BFC8E /* [CP] Copy Pods Resources */,
			);
			buildRules = (
			);
			dependencies = (
			);
			name = SquaresApp;
			productName = SquaresApp;
			productReference = 681619121DE5BB95004CC55B /* SquaresApp.app */;
			productType = "com.apple.product-type.application";
		};
/* End PBXNativeTarget section */

/* Begin PBXProject section */
		6816190A1DE5BB94004CC55B /* Project object */ = {
			isa = PBXProject;
			attributes = {
				LastSwiftUpdateCheck = 0810;
				LastUpgradeCheck = 0810;
				ORGANIZATIONNAME = "Wayne Rumble";
				TargetAttributes = {
					681619111DE5BB95004CC55B = {
						CreatedOnToolsVersion = 8.1;
						DevelopmentTeam = WJMTPNAAQV;
						ProvisioningStyle = Automatic;
					};
				};
			};
			buildConfigurationList = 6816190D1DE5BB94004CC55B /* Build configuration list for PBXProject "SquaresApp" */;
			compatibilityVersion = "Xcode 3.2";
			developmentRegion = English;
			hasScannedForEncodings = 0;
			knownRegions = (
				en,
				Base,
			);
			mainGroup = 681619091DE5BB94004CC55B;
			productRefGroup = 681619131DE5BB95004CC55B /* Products */;
			projectDirPath = "";
			projectRoot = "";
			targets = (
				681619111DE5BB95004CC55B /* SquaresApp */,
			);
		};
/* End PBXProject section */

/* Begin PBXResourcesBuildPhase section */
		681619101DE5BB95004CC55B /* Resources */ = {
			isa = PBXResourcesBuildPhase;
			buildActionMask = 2147483647;
			files = (
				681619201DE5BB95004CC55B /* LaunchScreen.storyboard in Resources */,
				6816191D1DE5BB95004CC55B /* Assets.xcassets in Resources */,
				6816191B1DE5BB95004CC55B /* Main.storyboard in Resources */,
			);
			runOnlyForDeploymentPostprocessing = 0;
		};
/* End PBXResourcesBuildPhase section */

/* Begin PBXShellScriptBuildPhase section */
		61559B36CEEAA67A6B4F4EA4 /* [CP] Embed Pods Frameworks */ = {
			isa = PBXShellScriptBuildPhase;
			buildActionMask = 2147483647;
			files = (
			);
			inputPaths = (
			);
			name = "[CP] Embed Pods Frameworks";
			outputPaths = (
			);
			runOnlyForDeploymentPostprocessing = 0;
			shellPath = /bin/sh;
			shellScript = "\"${SRCROOT}/Pods/Target Support Files/Pods-SquaresApp/Pods-SquaresApp-frameworks.sh\"\n";
			showEnvVarsInLog = 0;
		};
		DA623D8B8AD223AE9C8BFC8E /* [CP] Copy Pods Resources */ = {
			isa = PBXShellScriptBuildPhase;
			buildActionMask = 2147483647;
			files = (
			);
			inputPaths = (
			);
			name = "[CP] Copy Pods Resources";
			outputPaths = (
			);
			runOnlyForDeploymentPostprocessing = 0;
			shellPath = /bin/sh;
			shellScript = "\"${SRCROOT}/Pods/Target Support Files/Pods-SquaresApp/Pods-SquaresApp-resources.sh\"\n";
			showEnvVarsInLog = 0;
		};
		F3D93DA87A76818838841C61 /* [CP] Check Pods Manifest.lock */ = {
			isa = PBXShellScriptBuildPhase;
			buildActionMask = 2147483647;
			files = (
			);
			inputPaths = (
			);
			name = "[CP] Check Pods Manifest.lock";
			outputPaths = (
			);
			runOnlyForDeploymentPostprocessing = 0;
			shellPath = /bin/sh;
			shellScript = "diff \"${PODS_ROOT}/../Podfile.lock\" \"${PODS_ROOT}/Manifest.lock\" > /dev/null\nif [ $? != 0 ] ; then\n    # print error to STDERR\n    echo \"error: The sandbox is not in sync with the Podfile.lock. Run 'pod install' or update your CocoaPods installation.\" >&2\n    exit 1\nfi\n";
			showEnvVarsInLog = 0;
		};
/* End PBXShellScriptBuildPhase section */

/* Begin PBXSourcesBuildPhase section */
		6816190E1DE5BB95004CC55B /* Sources */ = {
			isa = PBXSourcesBuildPhase;
			buildActionMask = 2147483647;
			files = (
				681619161DE5BB95004CC55B /* AppDelegate.swift in Sources */,
				6816192C1DE5BCD4004CC55B /* SquaresViewController.swift in Sources */,
				6816192A1DE5BCD4004CC55B /* SquaresCollectionViewCell.swift in Sources */,
				6816192B1DE5BCD4004CC55B /* SquaresDataSource.swift in Sources */,
			);
			runOnlyForDeploymentPostprocessing = 0;
		};
/* End PBXSourcesBuildPhase section */

/* Begin PBXVariantGroup section */
		681619191DE5BB95004CC55B /* Main.storyboard */ = {
			isa = PBXVariantGroup;
			children = (
				6816191A1DE5BB95004CC55B /* Base */,
			);
			name = Main.storyboard;
			sourceTree = "<group>";
		};
		6816191E1DE5BB95004CC55B /* LaunchScreen.storyboard */ = {
			isa = PBXVariantGroup;
			children = (
				6816191F1DE5BB95004CC55B /* Base */,
			);
			name = LaunchScreen.storyboard;
			sourceTree = "<group>";
		};
/* End PBXVariantGroup section */

/* Begin XCBuildConfiguration section */
		681619221DE5BB95004CC55B /* Debug */ = {
			isa = XCBuildConfiguration;
			buildSettings = {
				ALWAYS_SEARCH_USER_PATHS = NO;
				CLANG_ANALYZER_NONNULL = YES;
				CLANG_CXX_LANGUAGE_STANDARD = "gnu++0x";
				CLANG_CXX_LIBRARY = "libc++";
				CLANG_ENABLE_MODULES = YES;
				CLANG_ENABLE_OBJC_ARC = YES;
				CLANG_WARN_BOOL_CONVERSION = YES;
				CLANG_WARN_CONSTANT_CONVERSION = YES;
				CLANG_WARN_DIRECT_OBJC_ISA_USAGE = YES_ERROR;
				CLANG_WARN_DOCUMENTATION_COMMENTS = YES;
				CLANG_WARN_EMPTY_BODY = YES;
				CLANG_WARN_ENUM_CONVERSION = YES;
				CLANG_WARN_INFINITE_RECURSION = YES;
				CLANG_WARN_INT_CONVERSION = YES;
				CLANG_WARN_OBJC_ROOT_CLASS = YES_ERROR;
				CLANG_WARN_SUSPICIOUS_MOVES = YES;
				CLANG_WARN_UNREACHABLE_CODE = YES;
				CLANG_WARN__DUPLICATE_METHOD_MATCH = YES;
				"CODE_SIGN_IDENTITY[sdk=iphoneos*]" = "iPhone Developer";
				COPY_PHASE_STRIP = NO;
				DEBUG_INFORMATION_FORMAT = dwarf;
				ENABLE_STRICT_OBJC_MSGSEND = YES;
				ENABLE_TESTABILITY = YES;
				GCC_C_LANGUAGE_STANDARD = gnu99;
				GCC_DYNAMIC_NO_PIC = NO;
				GCC_NO_COMMON_BLOCKS = YES;
				GCC_OPTIMIZATION_LEVEL = 0;
				GCC_PREPROCESSOR_DEFINITIONS = (
					"DEBUG=1",
					"$(inherited)",
				);
				GCC_WARN_64_TO_32_BIT_CONVERSION = YES;
				GCC_WARN_ABOUT_RETURN_TYPE = YES_ERROR;
				GCC_WARN_UNDECLARED_SELECTOR = YES;
				GCC_WARN_UNINITIALIZED_AUTOS = YES_AGGRESSIVE;
				GCC_WARN_UNUSED_FUNCTION = YES;
				GCC_WARN_UNUSED_VARIABLE = YES;
				IPHONEOS_DEPLOYMENT_TARGET = 10.1;
				MTL_ENABLE_DEBUG_INFO = YES;
				ONLY_ACTIVE_ARCH = YES;
				SDKROOT = iphoneos;
				SWIFT_ACTIVE_COMPILATION_CONDITIONS = DEBUG;
				SWIFT_OPTIMIZATION_LEVEL = "-Onone";
				TARGETED_DEVICE_FAMILY = "1,2";
			};
			name = Debug;
		};
		681619231DE5BB95004CC55B /* Release */ = {
			isa = XCBuildConfiguration;
			buildSettings = {
				ALWAYS_SEARCH_USER_PATHS = NO;
				CLANG_ANALYZER_NONNULL = YES;
				CLANG_CXX_LANGUAGE_STANDARD = "gnu++0x";
				CLANG_CXX_LIBRARY = "libc++";
				CLANG_ENABLE_MODULES = YES;
				CLANG_ENABLE_OBJC_ARC = YES;
				CLANG_WARN_BOOL_CONVERSION = YES;
				CLANG_WARN_CONSTANT_CONVERSION = YES;
				CLANG_WARN_DIRECT_OBJC_ISA_USAGE = YES_ERROR;
				CLANG_WARN_DOCUMENTATION_COMMENTS = YES;
				CLANG_WARN_EMPTY_BODY = YES;
				CLANG_WARN_ENUM_CONVERSION = YES;
				CLANG_WARN_INFINITE_RECURSION = YES;
				CLANG_WARN_INT_CONVERSION = YES;
				CLANG_WARN_OBJC_ROOT_CLASS = YES_ERROR;
				CLANG_WARN_SUSPICIOUS_MOVES = YES;
				CLANG_WARN_UNREACHABLE_CODE = YES;
				CLANG_WARN__DUPLICATE_METHOD_MATCH = YES;
				"CODE_SIGN_IDENTITY[sdk=iphoneos*]" = "iPhone Developer";
				COPY_PHASE_STRIP = NO;
				DEBUG_INFORMATION_FORMAT = "dwarf-with-dsym";
				ENABLE_NS_ASSERTIONS = NO;
				ENABLE_STRICT_OBJC_MSGSEND = YES;
				GCC_C_LANGUAGE_STANDARD = gnu99;
				GCC_NO_COMMON_BLOCKS = YES;
				GCC_WARN_64_TO_32_BIT_CONVERSION = YES;
				GCC_WARN_ABOUT_RETURN_TYPE = YES_ERROR;
				GCC_WARN_UNDECLARED_SELECTOR = YES;
				GCC_WARN_UNINITIALIZED_AUTOS = YES_AGGRESSIVE;
				GCC_WARN_UNUSED_FUNCTION = YES;
				GCC_WARN_UNUSED_VARIABLE = YES;
				IPHONEOS_DEPLOYMENT_TARGET = 10.1;
				MTL_ENABLE_DEBUG_INFO = NO;
				SDKROOT = iphoneos;
				SWIFT_OPTIMIZATION_LEVEL = "-Owholemodule";
				TARGETED_DEVICE_FAMILY = "1,2";
				VALIDATE_PRODUCT = YES;
			};
			name = Release;
		};
		681619251DE5BB95004CC55B /* Debug */ = {
			isa = XCBuildConfiguration;
			baseConfigurationReference = 44B9B586F2BA611DC94B54C9 /* Pods-SquaresApp.debug.xcconfig */;
			buildSettings = {
				ASSETCATALOG_COMPILER_APPICON_NAME = AppIcon;
				"CODE_SIGN_IDENTITY[sdk=iphoneos*]" = "iPhone Developer";
				DEVELOPMENT_TEAM = WJMTPNAAQV;
				INFOPLIST_FILE = SquaresApp/Info.plist;
				LD_RUNPATH_SEARCH_PATHS = "$(inherited) @executable_path/Frameworks";
				PRODUCT_BUNDLE_IDENTIFIER = com.rumblewayne.SquaresApp;
				PRODUCT_NAME = "$(TARGET_NAME)";
				SWIFT_VERSION = 3.0;
			};
			name = Debug;
		};
		681619261DE5BB95004CC55B /* Release */ = {
			isa = XCBuildConfiguration;
			baseConfigurationReference = E7E19CEA62836CA655F9A9DC /* Pods-SquaresApp.release.xcconfig */;
			buildSettings = {
				ASSETCATALOG_COMPILER_APPICON_NAME = AppIcon;
				"CODE_SIGN_IDENTITY[sdk=iphoneos*]" = "iPhone Developer";
				DEVELOPMENT_TEAM = WJMTPNAAQV;
				INFOPLIST_FILE = SquaresApp/Info.plist;
				LD_RUNPATH_SEARCH_PATHS = "$(inherited) @executable_path/Frameworks";
				PRODUCT_BUNDLE_IDENTIFIER = com.rumblewayne.SquaresApp;
				PRODUCT_NAME = "$(TARGET_NAME)";
				SWIFT_VERSION = 3.0;
			};
			name = Release;
		};
/* End XCBuildConfiguration section */

/* Begin XCConfigurationList section */
		6816190D1DE5BB94004CC55B /* Build configuration list for PBXProject "SquaresApp" */ = {
			isa = XCConfigurationList;
			buildConfigurations = (
				681619221DE5BB95004CC55B /* Debug */,
				681619231DE5BB95004CC55B /* Release */,
			);
			defaultConfigurationIsVisible = 0;
			defaultConfigurationName = Release;
		};
		681619241DE5BB95004CC55B /* Build configuration list for PBXNativeTarget "SquaresApp" */ = {
			isa = XCConfigurationList;
			buildConfigurations = (
				681619251DE5BB95004CC55B /* Debug */,
				681619261DE5BB95004CC55B /* Release */,
			);
			defaultConfigurationIsVisible = 0;
			defaultConfigurationName = Release;
		};
/* End XCConfigurationList section */
	};
	rootObject = 6816190A1DE5BB94004CC55B /* Project object */;
}
